
Microsoft Visual Studio Solution File, Format Version 12.00
# Visual Studio 15
VisualStudioVersion = 15.0.27703.2042
MinimumVisualStudioVersion = 10.0.40219.1
Project("{888888A0-9F3D-457C-B088-3A5042F75D52}") = "FaceRecognition", "FaceRecognition\FaceRecognition.pyproj", "{5D325EA4-3308-4396-B122-A6DF6790D8AE}"
EndProject
Global
	GlobalSection(SolutionConfigurationPlatforms) = preSolution
		Debug|Any CPU = Debug|Any CPU
		Release|Any CPU = Release|Any CPU
	EndGlobalSection
	GlobalSection(ProjectConfigurationPlatforms) = postSolution
		{5D325EA4-3308-4396-B122-A6DF6790D8AE}.Debug|Any CPU.ActiveCfg = Debug|Any CPU
		{5D325EA4-3308-4396-B122-A6DF6790D8AE}.Release|Any CPU.ActiveCfg = Release|Any CPU
	EndGlobalSection
	GlobalSection(SolutionProperties) = preSolution
		HideSolutionNode = FALSE
	EndGlobalSection
	GlobalSection(ExtensibilityGlobals) = postSolution
		SolutionGuid = {B148D438-F2E0-4939-AF86-7D609768BB3A}
	EndGlobalSection
EndGlobal
